{"format_version":"1.0","provider_schemas":{"registry.terraform.io/topicuskeyhub/keyhub":{"provider":{"version":0,"block":{"attributes":{"clientid":{"type":"string","description_kind":"plain","optional":true,"sensitive":true},"clientsecret":{"type":"string","description_kind":"plain","optional":true,"sensitive":true},"issuer":{"type":"string","description_kind":"plain","optional":true}},"description_kind":"plain"}},"resource_schemas":{"keyhub_clientapplication":{"version":0,"block":{"attributes":{"binddn":{"type":"string","description":"The identifier of the application to be used by a simple bind","description_kind":"plain","computed":true},"callback_uri":{"type":"string","description":"The client is a code and implicit client","description_kind":"plain","optional":true},"client_certificate":{"type":"string","description_kind":"plain","optional":true},"clientid":{"type":"string","description":"The clientid (UUID) of the client application.","description_kind":"plain","computed":true},"clientsecret":{"type":"string","description":"The secret (UUID) of the client application.","description_kind":"plain","computed":true,"sensitive":true},"confidential":{"type":"bool","description":"A confidential (or trusted) OAUTH2 client is able to keep its credentials a secret","description_kind":"plain","optional":true,"computed":true},"id":{"type":"string","description":"The value of the ID field of the client application","description_kind":"plain","computed":true},"id_token_claims":{"type":"string","description":"A space-separated list of claims. These claims are added to the 'id_token', even if the client does not explicitly request them to be added","description_kind":"plain","optional":true},"initiate_login_uri":{"type":"string","description":"The URI within the application where a third party login can be started.","description_kind":"plain","optional":true},"is_server2server":{"type":"bool","description":"The client is a code and implicit client","description_kind":"plain","optional":true},"is_sso":{"type":"bool","description":"If set the client application is a Single Sign On application","description_kind":"plain","optional":true,"computed":true},"metadata":{"type":"string","description":"The metadata of the SAML application, use if metadata_url is not available ","description_kind":"plain","optional":true},"metadata_url":{"type":"string","description":"The URL to retrieve the SAML metadata from","description_kind":"plain","optional":true},"name":{"type":"string","description":"The name of the created client application","description_kind":"plain","required":true},"owner":{"type":"string","description":"The UUID of the group that is owner of the client","description_kind":"plain","required":true},"scopes":{"type":["list","string"],"description":"The Allowed scopes for the client application. For SSO applications this defaults to `profile`","description_kind":"plain","optional":true,"computed":true},"segments":{"type":"string","description_kind":"plain","optional":true},"show_landingpage":{"type":"bool","description":"Displays a landing page immediately after login and before redirecting to the SSO application","description_kind":"plain","optional":true},"subject_format":{"type":"string","description":"Topicus KeyHub can deliver the subject in three formats: Primary identifier, UPN and username.","description_kind":"plain","optional":true},"technical_administrator":{"type":"string","description":"The UUID of the group that is technical administrator of the client, default to Owner","description_kind":"plain","optional":true,"computed":true},"type":{"type":"string","description":"The type of the client application. Possible values: `OAUTH2` (default), `LDAP`, `SAML2`","description_kind":"plain","optional":true},"url":{"type":"string","description_kind":"plain","optional":true},"used_for_provisioning":{"type":"bool","description_kind":"plain","optional":true},"uuid":{"type":"string","description":"The UUID of the created client application","description_kind":"plain","computed":true}},"block_types":{"attribute":{"nesting_mode":"set","block":{"attributes":{"name":{"type":"string","description":"The name of the attribute","description_kind":"plain","required":true},"script":{"type":"string","description":"The script defines the body of a `function (account, groups) { \u003cSCRIPT\u003e }` function, and is written in JavaScript using the ECMAScript 5 standard","description_kind":"plain","required":true}},"description":"The additional attributes which can be retrieved through userinfo ","description_kind":"plain"}}},"description_kind":"plain"}},"keyhub_group":{"version":0,"block":{"attributes":{"application_administration":{"type":"bool","description":"Group can be assign as managing group of an application","description_kind":"plain","optional":true},"audit_months":{"type":["list","string"],"description":"List of Months the group must be audited. Possible Values: `JANUARY`,`FEBRUARY`,`MARCH`,`APRIL`,`MAY`,`JUNE`,`JULY`,`AUGUST`,`SEPTEMBER`,`OCTOBER`,`NOVEMBER`,`DECEMBER`","description_kind":"plain","optional":true},"auditing_auth_groupuuid":{"type":"string","description":"The UUID of the group to set as authorizing group for audits","description_kind":"plain","optional":true},"auditor":{"type":"bool","description_kind":"plain","optional":true},"description":{"type":"string","description":"The description of the group","description_kind":"plain","optional":true},"extended_access":{"type":"string","description":"Defines extended access. Possible values: `NOT_ALLOWED` (default), `ONE_WEEK`, `TWO_WEEKS`","description_kind":"plain","optional":true},"hide_audit_trail":{"type":"bool","description":"Don't show audit trail in KeyHub Dashboard","description_kind":"plain","optional":true},"id":{"type":"string","description":"The value of the ID field of the group","description_kind":"plain","computed":true},"membership_auth_groupuuid":{"type":"string","description":"The UUID of the group to set as authorizing group for membership","description_kind":"plain","optional":true},"name":{"type":"string","description":"The Name field of the group","description_kind":"plain","required":true},"nested_under_groupuuid":{"type":"string","description":"The UUID of the group to nest the new group under","description_kind":"plain","optional":true},"private_group":{"type":"bool","description":"Set group to invite only","description_kind":"plain","optional":true},"provisioning_auth_groupuuid":{"type":"string","description":"The UUID of the group to set as authorizing group for provisioning","description_kind":"plain","optional":true},"record_trail":{"type":"bool","description":"Require a reason before activating a group","description_kind":"plain","optional":true},"rotating_password_required":{"type":"bool","description":"Required rotating password for members","description_kind":"plain","optional":true},"single_managed":{"type":"bool","description_kind":"plain","optional":true},"uuid":{"type":"string","description":"The UUID of the group","description_kind":"plain","computed":true},"vault_recovery":{"type":"string","description":"Defines recovery strategy. Possible Values: `FULL` (default), `RECOVERY_KEY_ONLY`, `NONE`","description_kind":"plain","optional":true}},"block_types":{"client":{"nesting_mode":"set","block":{"attributes":{"permissions":{"type":["list","string"],"description":"List of permissions to grant the client application. Possible values: `GROUP_FULL_VAULT_ACCESS`, `GROUP_READ_CONTENTS`, `GROUP_SET_AUTHORIZATION`","description_kind":"plain","required":true},"uuid":{"type":"string","description":"The UUID of the client application","description_kind":"plain","required":true}},"description":"Grant clients permissions on the create group, (client used by terraform provider requires global `GROUPS_GRANT_PERMISSIONS_AFTER_CREATE` permission)","description_kind":"plain"}},"member":{"nesting_mode":"set","block":{"attributes":{"name":{"type":"string","description":"The name of the member","description_kind":"plain","computed":true},"rights":{"type":"string","description":"The rights of the member. Possible values: `MANAGER` (default), `NORMAL`","description_kind":"plain","optional":true,"computed":true},"uuid":{"type":"string","description":"The uuid of the keyhub account to add as member","description_kind":"plain","required":true}},"description":"At least one manager or nested_under_groupuuid should be defined","description_kind":"plain"}}},"description_kind":"plain"}},"keyhub_grouponsystem":{"version":0,"block":{"attributes":{"display_name":{"type":"string","description":"Display name of the group on provisioned system. (Only on systems that support a display name)","description_kind":"plain","optional":true},"id":{"type":"string","description":"Type of the resulting group in the provisioned system, for example: POSIX_GROUP for ldap.","description_kind":"plain","computed":true},"name_in_system":{"type":"string","description":"The name in the system, value normally to CN of the DN (of the provisioned system). For example: `cn=umbrella,ou=group,dc=example,dc=com`","description_kind":"plain","required":true},"owner":{"type":"string","description":"The UUID of the group that will become owner of the grouponsystem","description_kind":"plain","required":true},"short_name_in_system":{"type":"string","description":"common name part of the resulting DN. For example: `cn=umbrella`","description_kind":"plain","computed":true},"system":{"type":"string","description":"The UUID of the provisioned system to create the group on","description_kind":"plain","required":true},"type":{"type":"string","description":"Type of the resulting group in the provisioned system, for example: POSIX_GROUP for ldap.","description_kind":"plain","optional":true}},"block_types":{"provgroup":{"nesting_mode":"set","block":{"attributes":{"group":{"type":"string","description":"The UUID of the group that will become a provisioning group for the grouponsystem","description_kind":"plain","required":true},"securitylevel":{"type":"string","description":"The security level. Possible values: `HIGH` (default), `MEDIUM`, `LOW`","description_kind":"plain","optional":true},"static":{"type":"bool","description":"If set to true the group on system will be static provisioned","description_kind":"plain","optional":true}},"description":"Define the provisioning group for the grouponsystem, can be set multiple times. If omitted the owner group will be the provisioning group","description_kind":"plain"}}},"description_kind":"plain"}},"keyhub_vaultrecord":{"version":0,"block":{"attributes":{"base64_encoded":{"type":"bool","description":"If true, the value of `file` must be base64 encoded","description_kind":"plain","optional":true},"comment":{"type":"string","description_kind":"plain","optional":true,"sensitive":true},"file":{"type":"string","description_kind":"plain","optional":true,"sensitive":true},"filename":{"type":"string","description_kind":"plain","optional":true},"groupuuid":{"type":"string","description_kind":"plain","required":true},"id":{"type":"string","description_kind":"plain","computed":true},"name":{"type":"string","description_kind":"plain","required":true},"password":{"type":"string","description_kind":"plain","optional":true,"sensitive":true},"totp":{"type":"string","description_kind":"plain","optional":true,"sensitive":true},"url":{"type":"string","description_kind":"plain","optional":true},"username":{"type":"string","description_kind":"plain","optional":true},"uuid":{"type":"string","description_kind":"plain","computed":true}},"description_kind":"plain"}}},"data_source_schemas":{"keyhub_account":{"version":0,"block":{"attributes":{"id":{"type":"string","description_kind":"plain","computed":true},"name":{"type":"string","description_kind":"plain","computed":true},"username":{"type":"string","description_kind":"plain","computed":true},"uuid":{"type":"string","description_kind":"plain","required":true}},"description_kind":"plain"}},"keyhub_accounts":{"version":0,"block":{"attributes":{"accounts":{"type":["list",["object",{"id":"string","name":"string","username":"string","uuid":"string"}]],"description_kind":"plain","computed":true},"id":{"type":"string","description_kind":"plain","optional":true,"computed":true}},"description_kind":"plain"}},"keyhub_group":{"version":0,"block":{"attributes":{"application_administration":{"type":"bool","description_kind":"plain","computed":true},"audit_months":{"type":["list","string"],"description_kind":"plain","computed":true},"auditing_auth_groupuuid":{"type":"string","description_kind":"plain","computed":true},"auditor":{"type":"bool","description_kind":"plain","computed":true},"client":{"type":["set",["object",{"permissions":["list","string"],"uuid":"string"}]],"description":"Clients with permissions on the group","description_kind":"plain","computed":true},"description":{"type":"string","description_kind":"plain","computed":true},"extended_access":{"type":"string","description_kind":"plain","computed":true},"hide_audit_trail":{"type":"bool","description_kind":"plain","computed":true},"id":{"type":"string","description_kind":"plain","computed":true},"member":{"type":["set",["object",{"name":"string","rights":"string","uuid":"string"}]],"description_kind":"plain","computed":true},"membership_auth_groupuuid":{"type":"string","description_kind":"plain","computed":true},"name":{"type":"string","description_kind":"plain","computed":true},"nested_under_groupuuid":{"type":"string","description_kind":"plain","computed":true},"private_group":{"type":"bool","description_kind":"plain","computed":true},"provisioning_auth_groupuuid":{"type":"string","description_kind":"plain","computed":true},"record_trail":{"type":"bool","description_kind":"plain","computed":true},"rotating_password_required":{"type":"bool","description_kind":"plain","computed":true},"single_managed":{"type":"bool","description_kind":"plain","computed":true},"uuid":{"type":"string","description_kind":"plain","required":true},"vault_recovery":{"type":"string","description_kind":"plain","computed":true}},"description_kind":"plain"}},"keyhub_groups":{"version":0,"block":{"attributes":{"groups":{"type":["list",["object",{"application_administration":"bool","audit_months":["list","string"],"auditing_auth_groupuuid":"string","auditor":"bool","client":["set",["object",{"permissions":["list","string"],"uuid":"string"}]],"description":"string","extended_access":"string","hide_audit_trail":"bool","id":"string","member":["set",["object",{"name":"string","rights":"string","uuid":"string"}]],"membership_auth_groupuuid":"string","name":"string","nested_under_groupuuid":"string","private_group":"bool","provisioning_auth_groupuuid":"string","record_trail":"bool","rotating_password_required":"bool","single_managed":"bool","uuid":"string","vault_recovery":"string"}]],"description_kind":"plain","computed":true},"id":{"type":"string","description_kind":"plain","optional":true,"computed":true}},"description_kind":"plain"}},"keyhub_provisionedsystem":{"version":0,"block":{"attributes":{"accountcount":{"type":"number","description":"The amount of accounts on the provisioned system","description_kind":"plain","computed":true},"externaluuid":{"type":"string","description":"The external uuid of the provisioned system","description_kind":"plain","computed":true},"id":{"type":"string","description":"The value of the ID field of the provisioned system","description_kind":"plain","computed":true},"name":{"type":"string","description":"The name of the provisioned system","description_kind":"plain","computed":true},"technicaladministrator":{"type":["map","string"],"description":"The UUID and Name of the group that is set as the technical administrator","description_kind":"plain","computed":true},"type":{"type":"string","description":"The type of the provisioned system","description_kind":"plain","computed":true},"usernameprefix":{"type":"string","description":"The username prefix of the provisioned system","description_kind":"plain","computed":true},"uuid":{"type":"string","description":"The UUID of the of the provisioned system","description_kind":"plain","required":true}},"description_kind":"plain"}},"keyhub_vaultrecord":{"version":0,"block":{"attributes":{"base64_encoded":{"type":"bool","description":"If true, the content of `file` will be base64 encoded","description_kind":"plain","optional":true},"comment":{"type":"string","description_kind":"plain","computed":true,"sensitive":true},"file":{"type":"string","description_kind":"plain","computed":true,"sensitive":true},"filename":{"type":"string","description_kind":"plain","computed":true},"groupuuid":{"type":"string","description_kind":"plain","optional":true,"computed":true},"id":{"type":"string","description_kind":"plain","computed":true},"name":{"type":"string","description_kind":"plain","computed":true},"password":{"type":"string","description_kind":"plain","computed":true,"sensitive":true},"totp":{"type":"string","description_kind":"plain","computed":true,"sensitive":true},"url":{"type":"string","description_kind":"plain","computed":true},"username":{"type":"string","description_kind":"plain","computed":true},"uuid":{"type":"string","description_kind":"plain","required":true}},"description_kind":"plain"}},"keyhub_vaultrecords":{"version":0,"block":{"attributes":{"groupuuid":{"type":"string","description_kind":"plain","required":true},"id":{"type":"string","description_kind":"plain","optional":true,"computed":true},"vaultrecords":{"type":["list",["object",{"filename":"string","groupuuid":"string","id":"string","name":"string","url":"string","username":"string","uuid":"string"}]],"description_kind":"plain","computed":true}},"description_kind":"plain"}}}}}}
